
Microsoft Visual Studio Solution File, Format Version 12.00
# Visual Studio Version 16
VisualStudioVersion = 16.0.33130.400
MinimumVisualStudioVersion = 10.0.40219.1
Project("{FAE04EC0-301F-11D3-BF4B-00C04F79EFBC}") = "zachet", "zachet.csproj", "{C90F70A9-6982-4F84-B60A-DB25876D9595}"
EndProject
Global
	GlobalSection(SolutionConfigurationPlatforms) = preSolution
		Debug|Any CPU = Debug|Any CPU
		Release|Any CPU = Release|Any CPU
	EndGlobalSection
	GlobalSection(ProjectConfigurationPlatforms) = postSolution
		{C90F70A9-6982-4F84-B60A-DB25876D9595}.Debug|Any CPU.ActiveCfg = Debug|Any CPU
		{C90F70A9-6982-4F84-B60A-DB25876D9595}.Debug|Any CPU.Build.0 = Debug|Any CPU
		{C90F70A9-6982-4F84-B60A-DB25876D9595}.Release|Any CPU.ActiveCfg = Release|Any CPU
		{C90F70A9-6982-4F84-B60A-DB25876D9595}.Release|Any CPU.Build.0 = Release|Any CPU
	EndGlobalSection
	GlobalSection(SolutionProperties) = preSolution
		HideSolutionNode = FALSE
	EndGlobalSection
	GlobalSection(ExtensibilityGlobals) = postSolution
		SolutionGuid = {6D31C3BE-AE32-4DFA-8C20-1414AA52BBF4}
	EndGlobalSection
EndGlobal
